// !$*UTF8*$!
{
	archiveVersion = 1;
	classes = {
	};
	objectVersion = 77;
	objects = {

/* Begin PBXBuildFile section */
		4FFF0EAB2D0E143300806225 /* ConvexMobile in Frameworks */ = {isa = PBXBuildFile; productRef = 4FFF0EAA2D0E143300806225 /* ConvexMobile */; };
		4FFF0EAE2D0E146500806225 /* ConvexAuth0 in Frameworks */ = {isa = PBXBuildFile; productRef = 4FFF0EAD2D0E146500806225 /* ConvexAuth0 */; };
/* End PBXBuildFile section */

/* Begin PBXContainerItemProxy section */
		4F44A7ED2CFCCFDC00694873 /* PBXContainerItemProxy */ = {
			isa = PBXContainerItemProxy;
			containerPortal = 4F44A7D42CFCCFDC00694873 /* Project object */;
			proxyType = 1;
			remoteGlobalIDString = 4F44A7DB2CFCCFDC00694873;
			remoteInfo = dailies;
		};
		4F44A7F72CFCCFDC00694873 /* PBXContainerItemProxy */ = {
			isa = PBXContainerItemProxy;
			containerPortal = 4F44A7D42CFCCFDC00694873 /* Project object */;
			proxyType = 1;
			remoteGlobalIDString = 4F44A7DB2CFCCFDC00694873;
			remoteInfo = dailies;
		};
/* End PBXContainerItemProxy section */

/* Begin PBXFileReference section */
		4F44A7DC2CFCCFDC00694873 /* dailes dev.app */ = {isa = PBXFileReference; explicitFileType = wrapper.application; includeInIndex = 0; path = "dailes dev.app"; sourceTree = BUILT_PRODUCTS_DIR; };
		4F44A7EC2CFCCFDC00694873 /* dailiesTests.xctest */ = {isa = PBXFileReference; explicitFileType = wrapper.cfbundle; includeInIndex = 0; path = dailiesTests.xctest; sourceTree = BUILT_PRODUCTS_DIR; };
		4F44A7F62CFCCFDC00694873 /* dailiesUITests.xctest */ = {isa = PBXFileReference; explicitFileType = wrapper.cfbundle; includeInIndex = 0; path = dailiesUITests.xctest; sourceTree = BUILT_PRODUCTS_DIR; };
		4FDB03C42D06582000C8FE64 /* dailes dev.entitlements */ = {isa = PBXFileReference; lastKnownFileType = text.plist.entitlements; path = "dailes dev.entitlements"; sourceTree = "<group>"; };
/* End PBXFileReference section */

/* Begin PBXFileSystemSynchronizedRootGroup section */
		4F44A7DE2CFCCFDC00694873 /* dailies */ = {
			isa = PBXFileSystemSynchronizedRootGroup;
			path = dailies;
			sourceTree = "<group>";
		};
		4F44A7EF2CFCCFDC00694873 /* dailiesTests */ = {
			isa = PBXFileSystemSynchronizedRootGroup;
			path = dailiesTests;
			sourceTree = "<group>";
		};
		4F44A7F92CFCCFDC00694873 /* dailiesUITests */ = {
			isa = PBXFileSystemSynchronizedRootGroup;
			path = dailiesUITests;
			sourceTree = "<group>";
		};
/* End PBXFileSystemSynchronizedRootGroup section */

/* Begin PBXFrameworksBuildPhase section */
		4F44A7D92CFCCFDC00694873 /* Frameworks */ = {
			isa = PBXFrameworksBuildPhase;
			buildActionMask = 2147483647;
			files = (
				4FFF0EAE2D0E146500806225 /* ConvexAuth0 in Frameworks */,
				4FFF0EAB2D0E143300806225 /* ConvexMobile in Frameworks */,
			);
			runOnlyForDeploymentPostprocessing = 0;
		};
		4F44A7E92CFCCFDC00694873 /* Frameworks */ = {
			isa = PBXFrameworksBuildPhase;
			buildActionMask = 2147483647;
			files = (
			);
			runOnlyForDeploymentPostprocessing = 0;
		};
		4F44A7F32CFCCFDC00694873 /* Frameworks */ = {
			isa = PBXFrameworksBuildPhase;
			buildActionMask = 2147483647;
			files = (
			);
			runOnlyForDeploymentPostprocessing = 0;
		};
/* End PBXFrameworksBuildPhase section */

/* Begin PBXGroup section */
		4F44A7D32CFCCFDC00694873 = {
			isa = PBXGroup;
			children = (
				4FDB03C42D06582000C8FE64 /* dailes dev.entitlements */,
				4F44A7DE2CFCCFDC00694873 /* dailies */,
				4F44A7EF2CFCCFDC00694873 /* dailiesTests */,
				4F44A7F92CFCCFDC00694873 /* dailiesUITests */,
				4FDB03B62CFEA1BE00C8FE64 /* Frameworks */,
				4F44A7DD2CFCCFDC00694873 /* Products */,
			);
			sourceTree = "<group>";
		};
		4F44A7DD2CFCCFDC00694873 /* Products */ = {
			isa = PBXGroup;
			children = (
				4F44A7DC2CFCCFDC00694873 /* dailes dev.app */,
				4F44A7EC2CFCCFDC00694873 /* dailiesTests.xctest */,
				4F44A7F62CFCCFDC00694873 /* dailiesUITests.xctest */,
			);
			name = Products;
			sourceTree = "<group>";
		};
		4FDB03B62CFEA1BE00C8FE64 /* Frameworks */ = {
			isa = PBXGroup;
			children = (
			);
			name = Frameworks;
			sourceTree = "<group>";
		};
/* End PBXGroup section */

/* Begin PBXNativeTarget section */
		4F44A7DB2CFCCFDC00694873 /* dailes dev */ = {
			isa = PBXNativeTarget;
			buildConfigurationList = 4F44A8002CFCCFDC00694873 /* Build configuration list for PBXNativeTarget "dailes dev" */;
			buildPhases = (
				4F44A7D82CFCCFDC00694873 /* Sources */,
				4F44A7D92CFCCFDC00694873 /* Frameworks */,
				4F44A7DA2CFCCFDC00694873 /* Resources */,
				4FF7BCC22D13CB6C008BCC71 /* ShellScript */,
			);
			buildRules = (
			);
			dependencies = (
			);
			fileSystemSynchronizedGroups = (
				4F44A7DE2CFCCFDC00694873 /* dailies */,
			);
			name = "dailes dev";
			packageProductDependencies = (
				4FFF0EAA2D0E143300806225 /* ConvexMobile */,
				4FFF0EAD2D0E146500806225 /* ConvexAuth0 */,
			);
			productName = dailies;
			productReference = 4F44A7DC2CFCCFDC00694873 /* dailes dev.app */;
			productType = "com.apple.product-type.application";
		};
		4F44A7EB2CFCCFDC00694873 /* dailiesTests */ = {
			isa = PBXNativeTarget;
			buildConfigurationList = 4F44A8032CFCCFDD00694873 /* Build configuration list for PBXNativeTarget "dailiesTests" */;
			buildPhases = (
				4F44A7E82CFCCFDC00694873 /* Sources */,
				4F44A7E92CFCCFDC00694873 /* Frameworks */,
				4F44A7EA2CFCCFDC00694873 /* Resources */,
			);
			buildRules = (
			);
			dependencies = (
				4F44A7EE2CFCCFDC00694873 /* PBXTargetDependency */,
			);
			fileSystemSynchronizedGroups = (
				4F44A7EF2CFCCFDC00694873 /* dailiesTests */,
			);
			name = dailiesTests;
			packageProductDependencies = (
			);
			productName = dailiesTests;
			productReference = 4F44A7EC2CFCCFDC00694873 /* dailiesTests.xctest */;
			productType = "com.apple.product-type.bundle.unit-test";
		};
		4F44A7F52CFCCFDC00694873 /* dailiesUITests */ = {
			isa = PBXNativeTarget;
			buildConfigurationList = 4F44A8062CFCCFDD00694873 /* Build configuration list for PBXNativeTarget "dailiesUITests" */;
			buildPhases = (
				4F44A7F22CFCCFDC00694873 /* Sources */,
				4F44A7F32CFCCFDC00694873 /* Frameworks */,
				4F44A7F42CFCCFDC00694873 /* Resources */,
			);
			buildRules = (
			);
			dependencies = (
				4F44A7F82CFCCFDC00694873 /* PBXTargetDependency */,
			);
			fileSystemSynchronizedGroups = (
				4F44A7F92CFCCFDC00694873 /* dailiesUITests */,
			);
			name = dailiesUITests;
			packageProductDependencies = (
			);
			productName = dailiesUITests;
			productReference = 4F44A7F62CFCCFDC00694873 /* dailiesUITests.xctest */;
			productType = "com.apple.product-type.bundle.ui-testing";
		};
/* End PBXNativeTarget section */

/* Begin PBXProject section */
		4F44A7D42CFCCFDC00694873 /* Project object */ = {
			isa = PBXProject;
			attributes = {
				BuildIndependentTargetsInParallel = 1;
				LastSwiftUpdateCheck = 1610;
				LastUpgradeCheck = 1610;
				TargetAttributes = {
					4F44A7DB2CFCCFDC00694873 = {
						CreatedOnToolsVersion = 16.1;
					};
					4F44A7EB2CFCCFDC00694873 = {
						CreatedOnToolsVersion = 16.1;
						TestTargetID = 4F44A7DB2CFCCFDC00694873;
					};
					4F44A7F52CFCCFDC00694873 = {
						CreatedOnToolsVersion = 16.1;
						TestTargetID = 4F44A7DB2CFCCFDC00694873;
					};
				};
			};
			buildConfigurationList = 4F44A7D72CFCCFDC00694873 /* Build configuration list for PBXProject "dailies" */;
			developmentRegion = en;
			hasScannedForEncodings = 0;
			knownRegions = (
				en,
				Base,
			);
			mainGroup = 4F44A7D32CFCCFDC00694873;
			minimizedProjectReferenceProxies = 1;
			packageReferences = (
				4FFF0EA92D0E143300806225 /* XCRemoteSwiftPackageReference "convex-swift" */,
				4FFF0EAC2D0E146500806225 /* XCRemoteSwiftPackageReference "convex-swift-auth0" */,
			);
			preferredProjectObjectVersion = 77;
			productRefGroup = 4F44A7DD2CFCCFDC00694873 /* Products */;
			projectDirPath = "";
			projectRoot = "";
			targets = (
				4F44A7DB2CFCCFDC00694873 /* dailes dev */,
				4F44A7EB2CFCCFDC00694873 /* dailiesTests */,
				4F44A7F52CFCCFDC00694873 /* dailiesUITests */,
			);
		};
/* End PBXProject section */

/* Begin PBXResourcesBuildPhase section */
		4F44A7DA2CFCCFDC00694873 /* Resources */ = {
			isa = PBXResourcesBuildPhase;
			buildActionMask = 2147483647;
			files = (
			);
			runOnlyForDeploymentPostprocessing = 0;
		};
		4F44A7EA2CFCCFDC00694873 /* Resources */ = {
			isa = PBXResourcesBuildPhase;
			buildActionMask = 2147483647;
			files = (
			);
			runOnlyForDeploymentPostprocessing = 0;
		};
		4F44A7F42CFCCFDC00694873 /* Resources */ = {
			isa = PBXResourcesBuildPhase;
			buildActionMask = 2147483647;
			files = (
			);
			runOnlyForDeploymentPostprocessing = 0;
		};
/* End PBXResourcesBuildPhase section */

/* Begin PBXShellScriptBuildPhase section */
		4FF7BCC22D13CB6C008BCC71 /* ShellScript */ = {
			isa = PBXShellScriptBuildPhase;
			buildActionMask = 2147483647;
			files = (
			);
			inputFileListPaths = (
			);
			inputPaths = (
			);
			outputFileListPaths = (
			);
			outputPaths = (
			);
			runOnlyForDeploymentPostprocessing = 0;
			shellPath = /bin/sh;
			shellScript = "if which swiftformat > /dev/null; then\n    swiftformat .\nelse\n    echo \"warning: SwiftFormat not installed. Install using 'brew install swiftformat'\"\nfi\n";
		};
/* End PBXShellScriptBuildPhase section */

/* Begin PBXSourcesBuildPhase section */
		4F44A7D82CFCCFDC00694873 /* Sources */ = {
			isa = PBXSourcesBuildPhase;
			buildActionMask = 2147483647;
			files = (
			);
			runOnlyForDeploymentPostprocessing = 0;
		};
		4F44A7E82CFCCFDC00694873 /* Sources */ = {
			isa = PBXSourcesBuildPhase;
			buildActionMask = 2147483647;
			files = (
			);
			runOnlyForDeploymentPostprocessing = 0;
		};
		4F44A7F22CFCCFDC00694873 /* Sources */ = {
			isa = PBXSourcesBuildPhase;
			buildActionMask = 2147483647;
			files = (
			);
			runOnlyForDeploymentPostprocessing = 0;
		};
/* End PBXSourcesBuildPhase section */

/* Begin PBXTargetDependency section */
		4F44A7EE2CFCCFDC00694873 /* PBXTargetDependency */ = {
			isa = PBXTargetDependency;
			target = 4F44A7DB2CFCCFDC00694873 /* dailes dev */;
			targetProxy = 4F44A7ED2CFCCFDC00694873 /* PBXContainerItemProxy */;
		};
		4F44A7F82CFCCFDC00694873 /* PBXTargetDependency */ = {
			isa = PBXTargetDependency;
			target = 4F44A7DB2CFCCFDC00694873 /* dailes dev */;
			targetProxy = 4F44A7F72CFCCFDC00694873 /* PBXContainerItemProxy */;
		};
/* End PBXTargetDependency section */

/* Begin XCBuildConfiguration section */
		4F44A7FE2CFCCFDC00694873 /* Debug */ = {
			isa = XCBuildConfiguration;
			buildSettings = {
				ALWAYS_SEARCH_USER_PATHS = NO;
				ASSETCATALOG_COMPILER_GENERATE_SWIFT_ASSET_SYMBOL_EXTENSIONS = YES;
				CLANG_ANALYZER_NONNULL = YES;
				CLANG_ANALYZER_NUMBER_OBJECT_CONVERSION = YES_AGGRESSIVE;
				CLANG_CXX_LANGUAGE_STANDARD = "gnu++20";
				CLANG_ENABLE_MODULES = YES;
				CLANG_ENABLE_OBJC_ARC = YES;
				CLANG_ENABLE_OBJC_WEAK = YES;
				CLANG_WARN_BLOCK_CAPTURE_AUTORELEASING = YES;
				CLANG_WARN_BOOL_CONVERSION = YES;
				CLANG_WARN_COMMA = YES;
				CLANG_WARN_CONSTANT_CONVERSION = YES;
				CLANG_WARN_DEPRECATED_OBJC_IMPLEMENTATIONS = YES;
				CLANG_WARN_DIRECT_OBJC_ISA_USAGE = YES_ERROR;
				CLANG_WARN_DOCUMENTATION_COMMENTS = YES;
				CLANG_WARN_EMPTY_BODY = YES;
				CLANG_WARN_ENUM_CONVERSION = YES;
				CLANG_WARN_INFINITE_RECURSION = YES;
				CLANG_WARN_INT_CONVERSION = YES;
				CLANG_WARN_NON_LITERAL_NULL_CONVERSION = YES;
				CLANG_WARN_OBJC_IMPLICIT_RETAIN_SELF = YES;
				CLANG_WARN_OBJC_LITERAL_CONVERSION = YES;
				CLANG_WARN_OBJC_ROOT_CLASS = YES_ERROR;
				CLANG_WARN_QUOTED_INCLUDE_IN_FRAMEWORK_HEADER = YES;
				CLANG_WARN_RANGE_LOOP_ANALYSIS = YES;
				CLANG_WARN_STRICT_PROTOTYPES = YES;
				CLANG_WARN_SUSPICIOUS_MOVE = YES;
				CLANG_WARN_UNGUARDED_AVAILABILITY = YES_AGGRESSIVE;
				CLANG_WARN_UNREACHABLE_CODE = YES;
				CLANG_WARN__DUPLICATE_METHOD_MATCH = YES;
				COPY_PHASE_STRIP = NO;
				DEBUG_INFORMATION_FORMAT = dwarf;
				ENABLE_STRICT_OBJC_MSGSEND = YES;
				ENABLE_TESTABILITY = YES;
				ENABLE_USER_SCRIPT_SANDBOXING = YES;
				GCC_C_LANGUAGE_STANDARD = gnu17;
				GCC_DYNAMIC_NO_PIC = NO;
				GCC_NO_COMMON_BLOCKS = YES;
				GCC_OPTIMIZATION_LEVEL = 0;
				GCC_PREPROCESSOR_DEFINITIONS = (
					"DEBUG=1",
					"$(inherited)",
				);
				GCC_WARN_64_TO_32_BIT_CONVERSION = YES;
				GCC_WARN_ABOUT_RETURN_TYPE = YES_ERROR;
				GCC_WARN_UNDECLARED_SELECTOR = YES;
				GCC_WARN_UNINITIALIZED_AUTOS = YES_AGGRESSIVE;
				GCC_WARN_UNUSED_FUNCTION = YES;
				GCC_WARN_UNUSED_VARIABLE = YES;
				IPHONEOS_DEPLOYMENT_TARGET = 18.1;
				LOCALIZATION_PREFERS_STRING_CATALOGS = YES;
				MTL_ENABLE_DEBUG_INFO = INCLUDE_SOURCE;
				MTL_FAST_MATH = YES;
				ONLY_ACTIVE_ARCH = YES;
				SDKROOT = iphoneos;
				SWIFT_ACTIVE_COMPILATION_CONDITIONS = "DEBUG $(inherited)";
				SWIFT_OPTIMIZATION_LEVEL = "-Onone";
			};
			name = Debug;
		};
		4F44A7FF2CFCCFDC00694873 /* Release */ = {
			isa = XCBuildConfiguration;
			buildSettings = {
				ALWAYS_SEARCH_USER_PATHS = NO;
				ASSETCATALOG_COMPILER_GENERATE_SWIFT_ASSET_SYMBOL_EXTENSIONS = YES;
				CLANG_ANALYZER_NONNULL = YES;
				CLANG_ANALYZER_NUMBER_OBJECT_CONVERSION = YES_AGGRESSIVE;
				CLANG_CXX_LANGUAGE_STANDARD = "gnu++20";
				CLANG_ENABLE_MODULES = YES;
				CLANG_ENABLE_OBJC_ARC = YES;
				CLANG_ENABLE_OBJC_WEAK = YES;
				CLANG_WARN_BLOCK_CAPTURE_AUTORELEASING = YES;
				CLANG_WARN_BOOL_CONVERSION = YES;
				CLANG_WARN_COMMA = YES;
				CLANG_WARN_CONSTANT_CONVERSION = YES;
				CLANG_WARN_DEPRECATED_OBJC_IMPLEMENTATIONS = YES;
				CLANG_WARN_DIRECT_OBJC_ISA_USAGE = YES_ERROR;
				CLANG_WARN_DOCUMENTATION_COMMENTS = YES;
				CLANG_WARN_EMPTY_BODY = YES;
				CLANG_WARN_ENUM_CONVERSION = YES;
				CLANG_WARN_INFINITE_RECURSION = YES;
				CLANG_WARN_INT_CONVERSION = YES;
				CLANG_WARN_NON_LITERAL_NULL_CONVERSION = YES;
				CLANG_WARN_OBJC_IMPLICIT_RETAIN_SELF = YES;
				CLANG_WARN_OBJC_LITERAL_CONVERSION = YES;
				CLANG_WARN_OBJC_ROOT_CLASS = YES_ERROR;
				CLANG_WARN_QUOTED_INCLUDE_IN_FRAMEWORK_HEADER = YES;
				CLANG_WARN_RANGE_LOOP_ANALYSIS = YES;
				CLANG_WARN_STRICT_PROTOTYPES = YES;
				CLANG_WARN_SUSPICIOUS_MOVE = YES;
				CLANG_WARN_UNGUARDED_AVAILABILITY = YES_AGGRESSIVE;
				CLANG_WARN_UNREACHABLE_CODE = YES;
				CLANG_WARN__DUPLICATE_METHOD_MATCH = YES;
				COPY_PHASE_STRIP = NO;
				DEBUG_INFORMATION_FORMAT = "dwarf-with-dsym";
				ENABLE_NS_ASSERTIONS = NO;
				ENABLE_STRICT_OBJC_MSGSEND = YES;
				ENABLE_USER_SCRIPT_SANDBOXING = YES;
				GCC_C_LANGUAGE_STANDARD = gnu17;
				GCC_NO_COMMON_BLOCKS = YES;
				GCC_WARN_64_TO_32_BIT_CONVERSION = YES;
				GCC_WARN_ABOUT_RETURN_TYPE = YES_ERROR;
				GCC_WARN_UNDECLARED_SELECTOR = YES;
				GCC_WARN_UNINITIALIZED_AUTOS = YES_AGGRESSIVE;
				GCC_WARN_UNUSED_FUNCTION = YES;
				GCC_WARN_UNUSED_VARIABLE = YES;
				IPHONEOS_DEPLOYMENT_TARGET = 18.1;
				LOCALIZATION_PREFERS_STRING_CATALOGS = YES;
				MTL_ENABLE_DEBUG_INFO = NO;
				MTL_FAST_MATH = YES;
				SDKROOT = iphoneos;
				SWIFT_COMPILATION_MODE = wholemodule;
				VALIDATE_PRODUCT = YES;
			};
			name = Release;
		};
		4F44A8012CFCCFDC00694873 /* Debug */ = {
			isa = XCBuildConfiguration;
			buildSettings = {
				ASSETCATALOG_COMPILER_APPICON_NAME = AppIcon;
				ASSETCATALOG_COMPILER_GLOBAL_ACCENT_COLOR_NAME = AccentColor;
				CODE_SIGN_ENTITLEMENTS = "dailes dev.entitlements";
				CODE_SIGN_IDENTITY = "Apple Development";
				CODE_SIGN_STYLE = Automatic;
				CURRENT_PROJECT_VERSION = 1;
				DEVELOPMENT_ASSET_PATHS = "\"dailies/Preview Content\"";
				DEVELOPMENT_TEAM = A528B8ZZF3;
				ENABLE_PREVIEWS = YES;
				GENERATE_INFOPLIST_FILE = YES;
				INFOPLIST_KEY_UIApplicationSceneManifest_Generation = YES;
				INFOPLIST_KEY_UIApplicationSupportsIndirectInputEvents = YES;
				INFOPLIST_KEY_UILaunchScreen_Generation = YES;
				INFOPLIST_KEY_UISupportedInterfaceOrientations_iPad = "UIInterfaceOrientationPortrait UIInterfaceOrientationPortraitUpsideDown UIInterfaceOrientationLandscapeLeft UIInterfaceOrientationLandscapeRight";
				INFOPLIST_KEY_UISupportedInterfaceOrientations_iPhone = "UIInterfaceOrientationPortrait UIInterfaceOrientationLandscapeLeft UIInterfaceOrientationLandscapeRight";
				LD_RUNPATH_SEARCH_PATHS = (
					"$(inherited)",
					"@executable_path/Frameworks",
				);
				MARKETING_VERSION = 1.0;
				PRODUCT_BUNDLE_IDENTIFIER = tech.davidw.dailies;
				PRODUCT_NAME = "$(TARGET_NAME)";
				PROVISIONING_PROFILE_SPECIFIER = "";
				SWIFT_EMIT_LOC_STRINGS = YES;
				SWIFT_VERSION = 5.0;
				TARGETED_DEVICE_FAMILY = "1,2";
			};
			name = Debug;
		};
		4F44A8022CFCCFDC00694873 /* Release */ = {
			isa = XCBuildConfiguration;
			buildSettings = {
				ASSETCATALOG_COMPILER_APPICON_NAME = AppIcon;
				ASSETCATALOG_COMPILER_GLOBAL_ACCENT_COLOR_NAME = AccentColor;
				CODE_SIGN_ENTITLEMENTS = "dailes dev.entitlements";
				CODE_SIGN_IDENTITY = "Apple Development";
				CODE_SIGN_STYLE = Automatic;
				CURRENT_PROJECT_VERSION = 1;
				DEVELOPMENT_ASSET_PATHS = "\"dailies/Preview Content\"";
				DEVELOPMENT_TEAM = A528B8ZZF3;
				ENABLE_PREVIEWS = YES;
				GENERATE_INFOPLIST_FILE = YES;
				INFOPLIST_KEY_UIApplicationSceneManifest_Generation = YES;
				INFOPLIST_KEY_UIApplicationSupportsIndirectInputEvents = YES;
				INFOPLIST_KEY_UILaunchScreen_Generation = YES;
				INFOPLIST_KEY_UISupportedInterfaceOrientations_iPad = "UIInterfaceOrientationPortrait UIInterfaceOrientationPortraitUpsideDown UIInterfaceOrientationLandscapeLeft UIInterfaceOrientationLandscapeRight";
				INFOPLIST_KEY_UISupportedInterfaceOrientations_iPhone = "UIInterfaceOrientationPortrait UIInterfaceOrientationLandscapeLeft UIInterfaceOrientationLandscapeRight";
				LD_RUNPATH_SEARCH_PATHS = (
					"$(inherited)",
					"@executable_path/Frameworks",
				);
				MARKETING_VERSION = 1.0;
				PRODUCT_BUNDLE_IDENTIFIER = tech.davidw.dailies;
				PRODUCT_NAME = "$(TARGET_NAME)";
				PROVISIONING_PROFILE_SPECIFIER = "";
				SWIFT_EMIT_LOC_STRINGS = YES;
				SWIFT_VERSION = 5.0;
				TARGETED_DEVICE_FAMILY = "1,2";
			};
			name = Release;
		};
		4F44A8042CFCCFDD00694873 /* Debug */ = {
			isa = XCBuildConfiguration;
			buildSettings = {
				BUNDLE_LOADER = "$(TEST_HOST)";
				CODE_SIGN_STYLE = Automatic;
				CURRENT_PROJECT_VERSION = 1;
				DEVELOPMENT_TEAM = A528B8ZZF3;
				GENERATE_INFOPLIST_FILE = YES;
				IPHONEOS_DEPLOYMENT_TARGET = 18.1;
				MARKETING_VERSION = 1.0;
				PRODUCT_BUNDLE_IDENTIFIER = tech.davidw.dailiesTests;
				PRODUCT_NAME = "$(TARGET_NAME)";
				SWIFT_EMIT_LOC_STRINGS = NO;
				SWIFT_VERSION = 5.0;
				TARGETED_DEVICE_FAMILY = "1,2";
				TEST_HOST = "$(BUILT_PRODUCTS_DIR)/dailies.app/$(BUNDLE_EXECUTABLE_FOLDER_PATH)/dailies";
			};
			name = Debug;
		};
		4F44A8052CFCCFDD00694873 /* Release */ = {
			isa = XCBuildConfiguration;
			buildSettings = {
				BUNDLE_LOADER = "$(TEST_HOST)";
				CODE_SIGN_STYLE = Automatic;
				CURRENT_PROJECT_VERSION = 1;
				DEVELOPMENT_TEAM = A528B8ZZF3;
				GENERATE_INFOPLIST_FILE = YES;
				IPHONEOS_DEPLOYMENT_TARGET = 18.1;
				MARKETING_VERSION = 1.0;
				PRODUCT_BUNDLE_IDENTIFIER = tech.davidw.dailiesTests;
				PRODUCT_NAME = "$(TARGET_NAME)";
				SWIFT_EMIT_LOC_STRINGS = NO;
				SWIFT_VERSION = 5.0;
				TARGETED_DEVICE_FAMILY = "1,2";
				TEST_HOST = "$(BUILT_PRODUCTS_DIR)/dailies.app/$(BUNDLE_EXECUTABLE_FOLDER_PATH)/dailies";
			};
			name = Release;
		};
		4F44A8072CFCCFDD00694873 /* Debug */ = {
			isa = XCBuildConfiguration;
			buildSettings = {
				CODE_SIGN_STYLE = Automatic;
				CURRENT_PROJECT_VERSION = 1;
				DEVELOPMENT_TEAM = A528B8ZZF3;
				GENERATE_INFOPLIST_FILE = YES;
				MARKETING_VERSION = 1.0;
				PRODUCT_BUNDLE_IDENTIFIER = tech.davidw.dailiesUITests;
				PRODUCT_NAME = "$(TARGET_NAME)";
				SWIFT_EMIT_LOC_STRINGS = NO;
				SWIFT_VERSION = 5.0;
				TARGETED_DEVICE_FAMILY = "1,2";
				TEST_TARGET_NAME = dailies;
			};
			name = Debug;
		};
		4F44A8082CFCCFDD00694873 /* Release */ = {
			isa = XCBuildConfiguration;
			buildSettings = {
				CODE_SIGN_STYLE = Automatic;
				CURRENT_PROJECT_VERSION = 1;
				DEVELOPMENT_TEAM = A528B8ZZF3;
				GENERATE_INFOPLIST_FILE = YES;
				MARKETING_VERSION = 1.0;
				PRODUCT_BUNDLE_IDENTIFIER = tech.davidw.dailiesUITests;
				PRODUCT_NAME = "$(TARGET_NAME)";
				SWIFT_EMIT_LOC_STRINGS = NO;
				SWIFT_VERSION = 5.0;
				TARGETED_DEVICE_FAMILY = "1,2";
				TEST_TARGET_NAME = dailies;
			};
			name = Release;
		};
/* End XCBuildConfiguration section */

/* Begin XCConfigurationList section */
		4F44A7D72CFCCFDC00694873 /* Build configuration list for PBXProject "dailies" */ = {
			isa = XCConfigurationList;
			buildConfigurations = (
				4F44A7FE2CFCCFDC00694873 /* Debug */,
				4F44A7FF2CFCCFDC00694873 /* Release */,
			);
			defaultConfigurationIsVisible = 0;
			defaultConfigurationName = Release;
		};
		4F44A8002CFCCFDC00694873 /* Build configuration list for PBXNativeTarget "dailes dev" */ = {
			isa = XCConfigurationList;
			buildConfigurations = (
				4F44A8012CFCCFDC00694873 /* Debug */,
				4F44A8022CFCCFDC00694873 /* Release */,
			);
			defaultConfigurationIsVisible = 0;
			defaultConfigurationName = Release;
		};
		4F44A8032CFCCFDD00694873 /* Build configuration list for PBXNativeTarget "dailiesTests" */ = {
			isa = XCConfigurationList;
			buildConfigurations = (
				4F44A8042CFCCFDD00694873 /* Debug */,
				4F44A8052CFCCFDD00694873 /* Release */,
			);
			defaultConfigurationIsVisible = 0;
			defaultConfigurationName = Release;
		};
		4F44A8062CFCCFDD00694873 /* Build configuration list for PBXNativeTarget "dailiesUITests" */ = {
			isa = XCConfigurationList;
			buildConfigurations = (
				4F44A8072CFCCFDD00694873 /* Debug */,
				4F44A8082CFCCFDD00694873 /* Release */,
			);
			defaultConfigurationIsVisible = 0;
			defaultConfigurationName = Release;
		};
/* End XCConfigurationList section */

/* Begin XCRemoteSwiftPackageReference section */
		4FFF0EA92D0E143300806225 /* XCRemoteSwiftPackageReference "convex-swift" */ = {
			isa = XCRemoteSwiftPackageReference;
			repositoryURL = "https://github.com/get-convex/convex-swift.git";
			requirement = {
				kind = upToNextMajorVersion;
				minimumVersion = 0.5.4;
			};
		};
		4FFF0EAC2D0E146500806225 /* XCRemoteSwiftPackageReference "convex-swift-auth0" */ = {
			isa = XCRemoteSwiftPackageReference;
			repositoryURL = "https://github.com/get-convex/convex-swift-auth0";
			requirement = {
				kind = upToNextMajorVersion;
				minimumVersion = 0.3.0;
			};
		};
/* End XCRemoteSwiftPackageReference section */

/* Begin XCSwiftPackageProductDependency section */
		4FFF0EAA2D0E143300806225 /* ConvexMobile */ = {
			isa = XCSwiftPackageProductDependency;
			package = 4FFF0EA92D0E143300806225 /* XCRemoteSwiftPackageReference "convex-swift" */;
			productName = ConvexMobile;
		};
		4FFF0EAD2D0E146500806225 /* ConvexAuth0 */ = {
			isa = XCSwiftPackageProductDependency;
			package = 4FFF0EAC2D0E146500806225 /* XCRemoteSwiftPackageReference "convex-swift-auth0" */;
			productName = ConvexAuth0;
		};
/* End XCSwiftPackageProductDependency section */
	};
	rootObject = 4F44A7D42CFCCFDC00694873 /* Project object */;
}
